<?xml version="1.0" encoding="utf-8"?>
<Project ToolsVersion="4.0" xmlns="http://schemas.microsoft.com/developer/msbuild/2003">
  <ItemGroup>
    <Filter Include="Source Files">
      <UniqueIdentifier>{4FC737F1-C7A5-4376-A066-2A32D752A2FF}</UniqueIdentifier>
      <Extensions>cpp;c;cc;cxx;c++;cppm;ixx;def;odl;idl;hpj;bat;asm;asmx</Extensions>
    </Filter>
    <Filter Include="Header Files">
      <UniqueIdentifier>{93995380-89BD-4b04-88EB-625FBE52EBFB}</UniqueIdentifier>
      <Extensions>h;hh;hpp;hxx;h++;hm;inl;inc;ipp;xsd</Extensions>
    </Filter>
    <Filter Include="Resource Files">
      <UniqueIdentifier>{67DA6AB6-F800-4c08-8B7A-83BB121AAD01}</UniqueIdentifier>
      <Extensions>rc;ico;cur;bmp;dlg;rc2;rct;bin;rgs;gif;jpg;jpeg;jpe;resx;tiff;tif;png;wav;mfcribbon-ms</Extensions>
    </Filter>
  </ItemGroup>
  <ItemGroup>
    <ClCompile Include="source\Subscriber.cpp">
      <Filter>Source Files</Filter>
    </ClCompile>
    <ClCompile Include="source\DataReaderListenerImpl.cpp">
      <Filter>Source Files</Filter>
    </ClCompile>
    <ClCompile Include="..\Common\source\MessengerC.cpp">
      <Filter>Source Files</Filter>
    </ClCompile>
    <ClCompile Include="..\Common\source\MessengerS.cpp">
      <Filter>Source Files</Filter>
    </ClCompile>
    <ClCompile Include="..\Common\source\MessengerTypeSupportC.cpp">
      <Filter>Source Files</Filter>
    </ClCompile>
    <ClCompile Include="..\Common\source\MessengerTypeSupportImpl.cpp">
      <Filter>Source Files</Filter>
    </ClCompile>
    <ClCompile Include="..\Common\source\MessengerTypeSupportS.cpp">
      <Filter>Source Files</Filter>
    </ClCompile>
    <ClCompile Include="..\Common\source\PersonC.cpp">
      <Filter>Source Files</Filter>
    </ClCompile>
    <ClCompile Include="..\Common\source\PersonS.cpp">
      <Filter>Source Files</Filter>
    </ClCompile>
    <ClCompile Include="..\Common\source\PersonTypeSupportC.cpp">
      <Filter>Source Files</Filter>
    </ClCompile>
    <ClCompile Include="..\Common\source\PersonTypeSupportImpl.cpp">
      <Filter>Source Files</Filter>
    </ClCompile>
    <ClCompile Include="..\Common\source\PersonTypeSupportS.cpp">
      <Filter>Source Files</Filter>
    </ClCompile>
  </ItemGroup>
  <ItemGroup>
    <ClInclude Include="source\DataReaderListenerImpl.h">
      <Filter>Header Files</Filter>
    </ClInclude>
    <ClInclude Include="source\MessengerC.h">
      <Filter>Header Files</Filter>
    </ClInclude>
    <ClInclude Include="source\MessengerS.h">
      <Filter>Header Files</Filter>
    </ClInclude>
    <ClInclude Include="source\MessengerTypeSupportC.h">
      <Filter>Header Files</Filter>
    </ClInclude>
    <ClInclude Include="source\MessengerTypeSupportImpl.h">
      <Filter>Header Files</Filter>
    </ClInclude>
    <ClInclude Include="source\MessengerTypeSupportS.h">
      <Filter>Header Files</Filter>
    </ClInclude>
    <ClInclude Include="source\PersonTypeSupportImpl.h">
      <Filter>Header Files</Filter>
    </ClInclude>
    <ClInclude Include="source\PersonS.h">
      <Filter>Header Files</Filter>
    </ClInclude>
    <ClInclude Include="source\PersonC.h">
      <Filter>Header Files</Filter>
    </ClInclude>
    <ClInclude Include="source\PersonTypeSupportS.h">
      <Filter>Header Files</Filter>
    </ClInclude>
    <ClInclude Include="source\PersonTypeSupportC.h">
      <Filter>Header Files</Filter>
    </ClInclude>
    <ClInclude Include="..\Common\source\MessengerC.h">
      <Filter>Header Files</Filter>
    </ClInclude>
    <ClInclude Include="..\Common\source\MessengerS.h">
      <Filter>Header Files</Filter>
    </ClInclude>
    <ClInclude Include="..\Common\source\MessengerTypeSupportC.h">
      <Filter>Header Files</Filter>
    </ClInclude>
    <ClInclude Include="..\Common\source\MessengerTypeSupportImpl.h">
      <Filter>Header Files</Filter>
    </ClInclude>
    <ClInclude Include="..\Common\source\MessengerTypeSupportS.h">
      <Filter>Header Files</Filter>
    </ClInclude>
    <ClInclude Include="..\Common\source\PersonC.h">
      <Filter>Header Files</Filter>
    </ClInclude>
    <ClInclude Include="..\Common\source\PersonS.h">
      <Filter>Header Files</Filter>
    </ClInclude>
    <ClInclude Include="..\Common\source\PersonTypeSupportC.h">
      <Filter>Header Files</Filter>
    </ClInclude>
    <ClInclude Include="..\Common\source\PersonTypeSupportImpl.h">
      <Filter>Header Files</Filter>
    </ClInclude>
    <ClInclude Include="..\Common\source\PersonTypeSupportS.h">
      <Filter>Header Files</Filter>
    </ClInclude>
  </ItemGroup>
  <ItemGroup>
    <None Include="..\Common\source\MessengerC.inl">
      <Filter>Header Files</Filter>
    </None>
    <None Include="..\Common\source\MessengerTypeSupportC.inl">
      <Filter>Header Files</Filter>
    </None>
    <None Include="..\Common\source\PersonC.inl">
      <Filter>Header Files</Filter>
    </None>
    <None Include="..\Common\source\PersonTypeSupportC.inl">
      <Filter>Header Files</Filter>
    </None>
  </ItemGroup>
</Project>