
Microsoft Visual Studio Solution File, Format Version 12.00
# Visual Studio Version 17
VisualStudioVersion = 17.8.34330.188
MinimumVisualStudioVersion = 10.0.40219.1
Project("{8BC9CEB8-8B4A-11D0-8D11-00A0C91BC942}") = "Publisher", "Publisher\Publisher.vcxproj", "{20AD4C65-FDC8-4266-9FFE-0CED5B601CA5}"
EndProject
Project("{8BC9CEB8-8B4A-11D0-8D11-00A0C91BC942}") = "Subscriber", "Subscriber\Subscriber.vcxproj", "{BAC1E3E4-5DAD-41FC-AB2A-0EA0EFFE5A20}"
EndProject
Global
	GlobalSection(SolutionConfigurationPlatforms) = preSolution
		Debug|x64 = Debug|x64
		Debug|x86 = Debug|x86
		Release|x64 = Release|x64
		Release|x86 = Release|x86
	EndGlobalSection
	GlobalSection(ProjectConfigurationPlatforms) = postSolution
		{20AD4C65-FDC8-4266-9FFE-0CED5B601CA5}.Debug|x64.ActiveCfg = Debug|x64
		{20AD4C65-FDC8-4266-9FFE-0CED5B601CA5}.Debug|x64.Build.0 = Debug|x64
		{20AD4C65-FDC8-4266-9FFE-0CED5B601CA5}.Debug|x86.ActiveCfg = Debug|Win32
		{20AD4C65-FDC8-4266-9FFE-0CED5B601CA5}.Debug|x86.Build.0 = Debug|Win32
		{20AD4C65-FDC8-4266-9FFE-0CED5B601CA5}.Release|x64.ActiveCfg = Release|x64
		{20AD4C65-FDC8-4266-9FFE-0CED5B601CA5}.Release|x64.Build.0 = Release|x64
		{20AD4C65-FDC8-4266-9FFE-0CED5B601CA5}.Release|x86.ActiveCfg = Release|Win32
		{20AD4C65-FDC8-4266-9FFE-0CED5B601CA5}.Release|x86.Build.0 = Release|Win32
		{BAC1E3E4-5DAD-41FC-AB2A-0EA0EFFE5A20}.Debug|x64.ActiveCfg = Debug|x64
		{BAC1E3E4-5DAD-41FC-AB2A-0EA0EFFE5A20}.Debug|x64.Build.0 = Debug|x64
		{BAC1E3E4-5DAD-41FC-AB2A-0EA0EFFE5A20}.Debug|x86.ActiveCfg = Debug|Win32
		{BAC1E3E4-5DAD-41FC-AB2A-0EA0EFFE5A20}.Debug|x86.Build.0 = Debug|Win32
		{BAC1E3E4-5DAD-41FC-AB2A-0EA0EFFE5A20}.Release|x64.ActiveCfg = Release|x64
		{BAC1E3E4-5DAD-41FC-AB2A-0EA0EFFE5A20}.Release|x64.Build.0 = Release|x64
		{BAC1E3E4-5DAD-41FC-AB2A-0EA0EFFE5A20}.Release|x86.ActiveCfg = Release|Win32
		{BAC1E3E4-5DAD-41FC-AB2A-0EA0EFFE5A20}.Release|x86.Build.0 = Release|Win32
	EndGlobalSection
	GlobalSection(SolutionProperties) = preSolution
		HideSolutionNode = FALSE
	EndGlobalSection
	GlobalSection(ExtensibilityGlobals) = postSolution
		SolutionGuid = {518CC00C-5514-48A9-8092-3421D03BDB64}
	EndGlobalSection
EndGlobal
